# THIS IS AN AUTOGENERATED FILE. DO NOT EDIT THIS FILE DIRECTLY.
# yarn lockfile v1


"@babel/helper-validator-identifier@^7.16.7":
  version "7.16.7"
  resolved "https://registry.zjhgrl.com/repository/npm-all/@babel/helper-validator-identifier/-/helper-validator-identifier-7.16.7.tgz#e8c602438c4a8195751243da9031d1607d247cad"
  integrity sha512-hsEnFemeiW4D08A5gUAZxLBTXpZ39P+a+DGDsHw1yxqyQ/jzFEnxf5uTEGp+3bzAbNOxU1paTgYS4ECU/IgfDw==

"@babel/parser@^7.16.4", "@babel/parser@^7.6.0", "@babel/parser@^7.9.6":
  version "7.16.7"
  resolved "https://registry.zjhgrl.com/repository/npm-all/@babel/parser/-/parser-7.16.7.tgz#d372dda9c89fcec340a82630a9f533f2fe15877e"
  integrity sha512-sR4eaSrnM7BV7QPzGfEX5paG/6wrZM3I0HDzfIAK06ESvo9oy3xBuVBxE3MbQaKNhvg8g/ixjMWo2CGpzpHsDA==

"@babel/types@^7.6.1", "@babel/types@^7.9.6":
  version "7.16.7"
  resolved "https://registry.zjhgrl.com/repository/npm-all/@babel/types/-/types-7.16.7.tgz#4ed19d51f840ed4bd5645be6ce40775fecf03159"
  integrity sha512-E8HuV7FO9qLpx6OtoGfUQ2cjIYnbFwvZWYBS+87EwtdMvmUPJSwykpovFB+8insbpF0uJcpr8KMUi64XZntZcg==
  dependencies:
    "@babel/helper-validator-identifier" "^7.16.7"
    to-fast-properties "^2.0.0"

"@emmetio/abbreviation@^2.2.2":
  version "2.2.2"
  resolved "https://registry.zjhgrl.com/repository/npm-all/@emmetio/abbreviation/-/abbreviation-2.2.2.tgz#746762fd9e7a8c2ea604f580c62e3cfe250e6989"
  integrity sha1-dGdi/Z56jC6mBPWAxi48/iUOaYk=
  dependencies:
    "@emmetio/scanner" "^1.0.0"

"@emmetio/css-abbreviation@^2.1.4":
  version "2.1.4"
  resolved "https://registry.zjhgrl.com/repository/npm-all/@emmetio/css-abbreviation/-/css-abbreviation-2.1.4.tgz#90362e8a1122ce3b76f6c3157907d30182f53f54"
  integrity sha1-kDYuihEizjt29sMVeQfTAYL1P1Q=
  dependencies:
    "@emmetio/scanner" "^1.0.0"

"@emmetio/scanner@^1.0.0":
  version "1.0.0"
  resolved "https://registry.zjhgrl.com/repository/npm-all/@emmetio/scanner/-/scanner-1.0.0.tgz#065b2af6233fe7474d44823e3deb89724af42b5f"
  integrity sha1-Blsq9iM/50dNRII+PeuJckr0K18=

"@types/node@^17.0.5":
  version "17.0.6"
  resolved "https://registry.zjhgrl.com/repository/npm-all/@types/node/-/node-17.0.6.tgz#cc1589c9ee853b389e67e8fb4384e0f250a139b9"
  integrity sha512-+XBAjfZmmivILUzO0HwBJoYkAyyySSLg5KCGBDFLomJo0sV6szvVLAf4ANZZ0pfWzgEds5KmGLG9D5hfEqOhaA==

"@vitejs/plugin-vue@^2.0.1":
  version "2.0.1"
  resolved "https://registry.zjhgrl.com/repository/npm-all/@vitejs/plugin-vue/-/plugin-vue-2.0.1.tgz#db0e5eacf96358e04cc501c9008079b25a70a4ac"
  integrity sha512-wtdMnGVvys9K8tg+DxowU1ytTrdVveXr3LzdhaKakysgGXyrsfaeds2cDywtvujEASjWOwWL/OgWM+qoeM8Plg==

"@volar/code-gen@0.29.8":
  version "0.29.8"
  resolved "https://registry.zjhgrl.com/repository/npm-all/@volar/code-gen/-/code-gen-0.29.8.tgz#db1a4bf29caeba131265bed9dbe96a1a0b66ea35"
  integrity sha512-eohLLUqPChHRPDFT5gXn4V6pr/CeTri7Ou5GI26lUvBRRAbP8p+oYfQRcbMPGeKmVkYjfVj0chsxQGx6T8PQ4Q==
  dependencies:
    "@volar/shared" "0.29.8"
    "@volar/source-map" "0.29.8"

"@volar/html2pug@0.29.8":
  version "0.29.8"
  resolved "https://registry.zjhgrl.com/repository/npm-all/@volar/html2pug/-/html2pug-0.29.8.tgz#2e97fa2968dcdfe0dbbc67b0cd2ab4c440018738"
  integrity sha512-bhSNXg8A2aD3w0B+CwmHjqCAaKtj5rORbE5C/q/UdGqptJbC6STCmi30KuRTdfPhR++Xb18Hauf3s/WCmtNAPA==
  dependencies:
    domelementtype "^2.2.0"
    domhandler "^4.2.2"
    htmlparser2 "^7.1.2"
    pug "^3.0.2"

"@volar/shared@0.29.8":
  version "0.29.8"
  resolved "https://registry.zjhgrl.com/repository/npm-all/@volar/shared/-/shared-0.29.8.tgz#e635ddf2cbcf307da932eb4b98e33c320d3d2991"
  integrity sha512-Y1NN6irkIukD+T0wf4p/dHWYL90sacN2e2lYoDXxRlvoYxwANnHgw0J0Rcp+yw58ElWRScdG7/YntEIuZWeJsw==
  dependencies:
    upath "^2.0.1"
    vscode-jsonrpc "^8.0.0-next.2"
    vscode-uri "^3.0.2"

"@volar/source-map@0.29.8":
  version "0.29.8"
  resolved "https://registry.zjhgrl.com/repository/npm-all/@volar/source-map/-/source-map-0.29.8.tgz#3299a0ae86ae0b72b4db3e50499d8bb285d8e9b2"
  integrity sha512-7w+UoYtnc6UQu30CgMVvx0YN4dzDgP4TIsSmUaW62AGmxU9Lxwp3Kkn/4N8efi91z8ma5Z78v/HddyJPwAC3LA==
  dependencies:
    "@volar/shared" "0.29.8"

"@volar/transforms@0.29.8":
  version "0.29.8"
  resolved "https://registry.zjhgrl.com/repository/npm-all/@volar/transforms/-/transforms-0.29.8.tgz#ef807010ac90772a065e7cf50509b6433b53e355"
  integrity sha512-o2hRa8CoDwYTO1Mu5KA47+1elUnYUjDaVhCvbyKlRfd8qpHea2llotArq7B6OORSL2M9DVs1IRJ5NGURBFeZ3Q==
  dependencies:
    "@volar/shared" "0.29.8"
    vscode-languageserver "^8.0.0-next.2"

"@volar/vue-code-gen@0.29.8":
  version "0.29.8"
  resolved "https://registry.zjhgrl.com/repository/npm-all/@volar/vue-code-gen/-/vue-code-gen-0.29.8.tgz#32401d52e2570d775fcc6cbc83abefeef65c48cd"
  integrity sha512-E1e7P2oktNC/DzgDBditfla4s8+HlUlluZ+BtcLvEdbkl3QEjujkB0x1wxguWzXmpWgLIDPtrS3Jzll5cCOkTg==
  dependencies:
    "@volar/code-gen" "0.29.8"
    "@volar/shared" "0.29.8"
    "@volar/source-map" "0.29.8"
    "@vue/compiler-core" "^3.2.21"
    "@vue/compiler-dom" "^3.2.21"
    "@vue/shared" "^3.2.21"
    upath "^2.0.1"

"@vscode/emmet-helper@^2.8.0":
  version "2.8.3"
  resolved "https://registry.zjhgrl.com/repository/npm-all/@vscode/emmet-helper/-/emmet-helper-2.8.3.tgz#f7c2b4a4751d03bcf2b421f0fce5b521a0f64a18"
  integrity sha512-dkTSL+BaBBS8gFgPm/GMOU+XfxaMyI+Fl1IUYxEi8Iv24RfHf9/q2eCpV2hs7sncLcoKWEbMYe5gv4Ppmp2Oxw==
  dependencies:
    emmet "^2.3.0"
    jsonc-parser "^2.3.0"
    vscode-languageserver-textdocument "^1.0.1"
    vscode-languageserver-types "^3.15.1"
    vscode-nls "^5.0.0"
    vscode-uri "^2.1.2"

"@vue/compiler-core@3.2.26", "@vue/compiler-core@^3.2.21":
  version "3.2.26"
  resolved "https://registry.zjhgrl.com/repository/npm-all/@vue/compiler-core/-/compiler-core-3.2.26.tgz#9ab92ae624da51f7b6064f4679c2d4564f437cc8"
  integrity sha512-N5XNBobZbaASdzY9Lga2D9Lul5vdCIOXvUMd6ThcN8zgqQhPKfCV+wfAJNNJKQkSHudnYRO2gEB+lp0iN3g2Tw==
  dependencies:
    "@babel/parser" "^7.16.4"
    "@vue/shared" "3.2.26"
    estree-walker "^2.0.2"
    source-map "^0.6.1"

"@vue/compiler-dom@3.2.26", "@vue/compiler-dom@^3.2.21":
  version "3.2.26"
  resolved "https://registry.zjhgrl.com/repository/npm-all/@vue/compiler-dom/-/compiler-dom-3.2.26.tgz#c7a7b55d50a7b7981dd44fc28211df1450482667"
  integrity sha512-smBfaOW6mQDxcT3p9TKT6mE22vjxjJL50GFVJiI0chXYGU/xzC05QRGrW3HHVuJrmLTLx5zBhsZ2dIATERbarg==
  dependencies:
    "@vue/compiler-core" "3.2.26"
    "@vue/shared" "3.2.26"

"@vue/compiler-sfc@3.2.26":
  version "3.2.26"
  resolved "https://registry.zjhgrl.com/repository/npm-all/@vue/compiler-sfc/-/compiler-sfc-3.2.26.tgz#3ce76677e4aa58311655a3bea9eb1cb804d2273f"
  integrity sha512-ePpnfktV90UcLdsDQUh2JdiTuhV0Skv2iYXxfNMOK/F3Q+2BO0AulcVcfoksOpTJGmhhfosWfMyEaEf0UaWpIw==
  dependencies:
    "@babel/parser" "^7.16.4"
    "@vue/compiler-core" "3.2.26"
    "@vue/compiler-dom" "3.2.26"
    "@vue/compiler-ssr" "3.2.26"
    "@vue/reactivity-transform" "3.2.26"
    "@vue/shared" "3.2.26"
    estree-walker "^2.0.2"
    magic-string "^0.25.7"
    postcss "^8.1.10"
    source-map "^0.6.1"

"@vue/compiler-ssr@3.2.26":
  version "3.2.26"
  resolved "https://registry.zjhgrl.com/repository/npm-all/@vue/compiler-ssr/-/compiler-ssr-3.2.26.tgz#fd049523341fbf4ab5e88e25eef566d862894ba7"
  integrity sha512-2mywLX0ODc4Zn8qBoA2PDCsLEZfpUGZcyoFRLSOjyGGK6wDy2/5kyDOWtf0S0UvtoyVq95OTSGIALjZ4k2q/ag==
  dependencies:
    "@vue/compiler-dom" "3.2.26"
    "@vue/shared" "3.2.26"

"@vue/reactivity-transform@3.2.26":
  version "3.2.26"
  resolved "https://registry.zjhgrl.com/repository/npm-all/@vue/reactivity-transform/-/reactivity-transform-3.2.26.tgz#6d8f20a4aa2d19728f25de99962addbe7c4d03e9"
  integrity sha512-XKMyuCmzNA7nvFlYhdKwD78rcnmPb7q46uoR00zkX6yZrUmcCQ5OikiwUEVbvNhL5hBJuvbSO95jB5zkUon+eQ==
  dependencies:
    "@babel/parser" "^7.16.4"
    "@vue/compiler-core" "3.2.26"
    "@vue/shared" "3.2.26"
    estree-walker "^2.0.2"
    magic-string "^0.25.7"

"@vue/reactivity@3.2.26", "@vue/reactivity@^3.2.21":
  version "3.2.26"
  resolved "https://registry.zjhgrl.com/repository/npm-all/@vue/reactivity/-/reactivity-3.2.26.tgz#d529191e581521c3c12e29ef986d4c8a933a0f83"
  integrity sha512-h38bxCZLW6oFJVDlCcAiUKFnXI8xP8d+eO0pcDxx+7dQfSPje2AO6M9S9QO6MrxQB7fGP0DH0dYQ8ksf6hrXKQ==
  dependencies:
    "@vue/shared" "3.2.26"

"@vue/runtime-core@3.2.26":
  version "3.2.26"
  resolved "https://registry.zjhgrl.com/repository/npm-all/@vue/runtime-core/-/runtime-core-3.2.26.tgz#5c59cc440ed7a39b6dbd4c02e2d21c8d1988f0de"
  integrity sha512-BcYi7qZ9Nn+CJDJrHQ6Zsmxei2hDW0L6AB4vPvUQGBm2fZyC0GXd/4nVbyA2ubmuhctD5RbYY8L+5GUJszv9mQ==
  dependencies:
    "@vue/reactivity" "3.2.26"
    "@vue/shared" "3.2.26"

"@vue/runtime-dom@3.2.26":
  version "3.2.26"
  resolved "https://registry.zjhgrl.com/repository/npm-all/@vue/runtime-dom/-/runtime-dom-3.2.26.tgz#84d3ae2584488747717c2e072d5d9112c0d2e6c2"
  integrity sha512-dY56UIiZI+gjc4e8JQBwAifljyexfVCkIAu/WX8snh8vSOt/gMSEGwPRcl2UpYpBYeyExV8WCbgvwWRNt9cHhQ==
  dependencies:
    "@vue/runtime-core" "3.2.26"
    "@vue/shared" "3.2.26"
    csstype "^2.6.8"

"@vue/server-renderer@3.2.26":
  version "3.2.26"
  resolved "https://registry.zjhgrl.com/repository/npm-all/@vue/server-renderer/-/server-renderer-3.2.26.tgz#f16a4b9fbcc917417b4cea70c99afce2701341cf"
  integrity sha512-Jp5SggDUvvUYSBIvYEhy76t4nr1vapY/FIFloWmQzn7UxqaHrrBpbxrqPcTrSgGrcaglj0VBp22BKJNre4aA1w==
  dependencies:
    "@vue/compiler-ssr" "3.2.26"
    "@vue/shared" "3.2.26"

"@vue/shared@3.2.26", "@vue/shared@^3.2.21":
  version "3.2.26"
  resolved "https://registry.zjhgrl.com/repository/npm-all/@vue/shared/-/shared-3.2.26.tgz#7acd1621783571b9a82eca1f041b4a0a983481d9"
  integrity sha512-vPV6Cq+NIWbH5pZu+V+2QHE9y1qfuTq49uNWw4f7FDEeZaDU2H2cx5jcUZOAKW7qTrUS4k6qZPbMy1x4N96nbA==

acorn@^7.1.1:
  version "7.4.1"
  resolved "https://registry.zjhgrl.com/repository/npm-all/acorn/-/acorn-7.4.1.tgz#feaed255973d2e77555b83dbc08851a6c63520fa"
  integrity sha1-/q7SVZc9LndVW4PbwIhRpsY1IPo=

asap@~2.0.3:
  version "2.0.6"
  resolved "https://registry.zjhgrl.com/repository/npm-all/asap/-/asap-2.0.6.tgz#e50347611d7e690943208bbdafebcbc2fb866d46"
  integrity sha1-5QNHYR1+aQlDIIu9r+vLwvuGbUY=

assert-never@^1.2.1:
  version "1.2.1"
  resolved "https://registry.zjhgrl.com/repository/npm-all/assert-never/-/assert-never-1.2.1.tgz#11f0e363bf146205fb08193b5c7b90f4d1cf44fe"
  integrity sha1-EfDjY78UYgX7CBk7XHuQ9NHPRP4=

babel-walk@3.0.0-canary-5:
  version "3.0.0-canary-5"
  resolved "https://registry.zjhgrl.com/repository/npm-all/babel-walk/-/babel-walk-3.0.0-canary-5.tgz#f66ecd7298357aee44955f235a6ef54219104b11"
  integrity sha1-9m7Ncpg1eu5ElV8jWm71QhkQSxE=
  dependencies:
    "@babel/types" "^7.9.6"

call-bind@^1.0.2:
  version "1.0.2"
  resolved "https://registry.zjhgrl.com/repository/npm-all/call-bind/-/call-bind-1.0.2.tgz#b1d4e89e688119c3c9a903ad30abb2f6a919be3c"
  integrity sha1-sdTonmiBGcPJqQOtMKuy9qkZvjw=
  dependencies:
    function-bind "^1.1.1"
    get-intrinsic "^1.0.2"

character-parser@^2.2.0:
  version "2.2.0"
  resolved "https://registry.zjhgrl.com/repository/npm-all/character-parser/-/character-parser-2.2.0.tgz#c7ce28f36d4bcd9744e5ffc2c5fcde1c73261fc0"
  integrity sha1-x84o821LzZdE5f/CxfzeHHMmH8A=
  dependencies:
    is-regex "^1.0.3"

constantinople@^4.0.1:
  version "4.0.1"
  resolved "https://registry.zjhgrl.com/repository/npm-all/constantinople/-/constantinople-4.0.1.tgz#0def113fa0e4dc8de83331a5cf79c8b325213151"
  integrity sha1-De8RP6Dk3I3oMzGlz3nIsyUhMVE=
  dependencies:
    "@babel/parser" "^7.6.0"
    "@babel/types" "^7.6.1"

copy-anything@^2.0.1:
  version "2.0.3"
  resolved "https://registry.zjhgrl.com/repository/npm-all/copy-anything/-/copy-anything-2.0.3.tgz#842407ba02466b0df844819bbe3baebbe5d45d87"
  integrity sha1-hCQHugJGaw34RIGbvjuuu+XUXYc=
  dependencies:
    is-what "^3.12.0"

csstype@^2.6.8:
  version "2.6.19"
  resolved "https://registry.zjhgrl.com/repository/npm-all/csstype/-/csstype-2.6.19.tgz#feeb5aae89020bb389e1f63669a5ed490e391caa"
  integrity sha1-/utarokCC7OJ4fY2aaXtSQ45HKo=

debug@^3.2.6:
  version "3.2.7"
  resolved "https://registry.zjhgrl.com/repository/npm-all/debug/-/debug-3.2.7.tgz#72580b7e9145fb39b6676f9c5e5fb100b934179a"
  integrity sha512-CFjzYYAi4ThfiQvizrFQevTTXHtnCqWfe7x1AhgEscTz6ZbLbfoLRLPugTQyBth6f8ZERVUSyWHFD/7Wu4t1XQ==
  dependencies:
    ms "^2.1.1"

doctypes@^1.1.0:
  version "1.1.0"
  resolved "https://registry.zjhgrl.com/repository/npm-all/doctypes/-/doctypes-1.1.0.tgz#ea80b106a87538774e8a3a4a5afe293de489e0a9"
  integrity sha1-6oCxBqh1OHdOijpKWv4pPeSJ4Kk=

dom-serializer@^1.0.1:
  version "1.3.2"
  resolved "https://registry.zjhgrl.com/repository/npm-all/dom-serializer/-/dom-serializer-1.3.2.tgz#6206437d32ceefaec7161803230c7a20bc1b4d91"
  integrity sha1-YgZDfTLO767HFhgDIwx6ILwbTZE=
  dependencies:
    domelementtype "^2.0.1"
    domhandler "^4.2.0"
    entities "^2.0.0"

domelementtype@^2.0.1, domelementtype@^2.2.0:
  version "2.2.0"
  resolved "https://registry.zjhgrl.com/repository/npm-all/domelementtype/-/domelementtype-2.2.0.tgz#9a0b6c2782ed6a1c7323d42267183df9bd8b1d57"
  integrity sha1-mgtsJ4LtahxzI9QiZxg9+b2LHVc=

domhandler@^4.2.0, domhandler@^4.2.2:
  version "4.3.0"
  resolved "https://registry.zjhgrl.com/repository/npm-all/domhandler/-/domhandler-4.3.0.tgz#16c658c626cf966967e306f966b431f77d4a5626"
  integrity sha512-fC0aXNQXqKSFTr2wDNZDhsEYjCiYsDWl3D01kwt25hm1YIPyDGHvvi3rw+PLqHAl/m71MaiF7d5zvBr0p5UB2g==
  dependencies:
    domelementtype "^2.2.0"

domutils@^2.8.0:
  version "2.8.0"
  resolved "https://registry.zjhgrl.com/repository/npm-all/domutils/-/domutils-2.8.0.tgz#4437def5db6e2d1f5d6ee859bd95ca7d02048135"
  integrity sha1-RDfe9dtuLR9dbuhZvZXKfQIEgTU=
  dependencies:
    dom-serializer "^1.0.1"
    domelementtype "^2.2.0"
    domhandler "^4.2.0"

emmet@^2.3.0:
  version "2.3.5"
  resolved "https://registry.zjhgrl.com/repository/npm-all/emmet/-/emmet-2.3.5.tgz#7f80f9c3db6831d1ee2b458717b9c36a074b1a47"
  integrity sha512-LcWfTamJnXIdMfLvJEC5Ld3hY5/KHXgv1L1bp6I7eEvB0ZhacHZ1kX0BYovJ8FroEsreLcq7n7kZhRMsf6jkXQ==
  dependencies:
    "@emmetio/abbreviation" "^2.2.2"
    "@emmetio/css-abbreviation" "^2.1.4"

entities@^2.0.0:
  version "2.2.0"
  resolved "https://registry.zjhgrl.com/repository/npm-all/entities/-/entities-2.2.0.tgz#098dc90ebb83d8dffa089d55256b351d34c4da55"
  integrity sha1-CY3JDruD2N/6CJ1VJWs1HTTE2lU=

entities@^3.0.1:
  version "3.0.1"
  resolved "https://registry.zjhgrl.com/repository/npm-all/entities/-/entities-3.0.1.tgz#2b887ca62585e96db3903482d336c1006c3001d4"
  integrity sha1-K4h8piWF6W2zkDSC0zbBAGwwAdQ=

errno@^0.1.1:
  version "0.1.8"
  resolved "https://registry.zjhgrl.com/repository/npm-all/errno/-/errno-0.1.8.tgz#8bb3e9c7d463be4976ff888f76b4809ebc2e811f"
  integrity sha1-i7Ppx9Rjvkl2/4iPdrSAnrwugR8=
  dependencies:
    prr "~1.0.1"

esbuild-android-arm64@0.13.15:
  version "0.13.15"
  resolved "https://registry.zjhgrl.com/repository/npm-all/esbuild-android-arm64/-/esbuild-android-arm64-0.13.15.tgz#3fc3ff0bab76fe35dd237476b5d2b32bb20a3d44"
  integrity sha1-P8P/C6t2/jXdI3R2tdKzK7IKPUQ=

esbuild-darwin-64@0.13.15:
  version "0.13.15"
  resolved "https://registry.zjhgrl.com/repository/npm-all/esbuild-darwin-64/-/esbuild-darwin-64-0.13.15.tgz#8e9169c16baf444eacec60d09b24d11b255a8e72"
  integrity sha1-jpFpwWuvRE6s7GDQmyTRGyVajnI=

esbuild-darwin-arm64@0.13.15:
  version "0.13.15"
  resolved "https://registry.zjhgrl.com/repository/npm-all/esbuild-darwin-arm64/-/esbuild-darwin-arm64-0.13.15.tgz#1b07f893b632114f805e188ddfca41b2b778229a"
  integrity sha1-Gwf4k7YyEU+AXhiN38pBsrd4Ipo=

esbuild-freebsd-64@0.13.15:
  version "0.13.15"
  resolved "https://registry.zjhgrl.com/repository/npm-all/esbuild-freebsd-64/-/esbuild-freebsd-64-0.13.15.tgz#0b8b7eca1690c8ec94c75680c38c07269c1f4a85"
  integrity sha1-C4t+yhaQyOyUx1aAw4wHJpwfSoU=

esbuild-freebsd-arm64@0.13.15:
  version "0.13.15"
  resolved "https://registry.zjhgrl.com/repository/npm-all/esbuild-freebsd-arm64/-/esbuild-freebsd-arm64-0.13.15.tgz#2e1a6c696bfdcd20a99578b76350b41db1934e52"
  integrity sha1-LhpsaWv9zSCplXi3Y1C0HbGTTlI=

esbuild-linux-32@0.13.15:
  version "0.13.15"
  resolved "https://registry.zjhgrl.com/repository/npm-all/esbuild-linux-32/-/esbuild-linux-32-0.13.15.tgz#6fd39f36fc66dd45b6b5f515728c7bbebc342a69"
  integrity sha1-b9OfNvxm3UW2tfUVcox7vrw0Kmk=

esbuild-linux-64@0.13.15:
  version "0.13.15"
  resolved "https://registry.zjhgrl.com/repository/npm-all/esbuild-linux-64/-/esbuild-linux-64-0.13.15.tgz#9cb8e4bcd7574e67946e4ee5f1f1e12386bb6dd3"
  integrity sha1-nLjkvNdXTmeUbk7l8fHhI4a7bdM=

esbuild-linux-arm64@0.13.15:
  version "0.13.15"
  resolved "https://registry.zjhgrl.com/repository/npm-all/esbuild-linux-arm64/-/esbuild-linux-arm64-0.13.15.tgz#3891aa3704ec579a1b92d2a586122e5b6a2bfba1"
  integrity sha1-OJGqNwTsV5obktKlhhIuW2or+6E=

esbuild-linux-arm@0.13.15:
  version "0.13.15"
  resolved "https://registry.zjhgrl.com/repository/npm-all/esbuild-linux-arm/-/esbuild-linux-arm-0.13.15.tgz#8a00e99e6a0c6c9a6b7f334841364d8a2b4aecfe"
  integrity sha1-igDpnmoMbJprfzNIQTZNiitK7P4=

esbuild-linux-mips64le@0.13.15:
  version "0.13.15"
  resolved "https://registry.zjhgrl.com/repository/npm-all/esbuild-linux-mips64le/-/esbuild-linux-mips64le-0.13.15.tgz#36b07cc47c3d21e48db3bb1f4d9ef8f46aead4f7"
  integrity sha1-NrB8xHw9IeSNs7sfTZ749Grq1Pc=

esbuild-linux-ppc64le@0.13.15:
  version "0.13.15"
  resolved "https://registry.zjhgrl.com/repository/npm-all/esbuild-linux-ppc64le/-/esbuild-linux-ppc64le-0.13.15.tgz#f7e6bba40b9a11eb9dcae5b01550ea04670edad2"
  integrity sha1-9+a7pAuaEeudyuWwFVDqBGcO2tI=

esbuild-netbsd-64@0.13.15:
  version "0.13.15"
  resolved "https://registry.zjhgrl.com/repository/npm-all/esbuild-netbsd-64/-/esbuild-netbsd-64-0.13.15.tgz#a2fedc549c2b629d580a732d840712b08d440038"
  integrity sha1-ov7cVJwrYp1YCnMthAcSsI1EADg=

esbuild-openbsd-64@0.13.15:
  version "0.13.15"
  resolved "https://registry.zjhgrl.com/repository/npm-all/esbuild-openbsd-64/-/esbuild-openbsd-64-0.13.15.tgz#b22c0e5806d3a1fbf0325872037f885306b05cd7"
  integrity sha1-siwOWAbTofvwMlhyA3+IUwawXNc=

esbuild-sunos-64@0.13.15:
  version "0.13.15"
  resolved "https://registry.zjhgrl.com/repository/npm-all/esbuild-sunos-64/-/esbuild-sunos-64-0.13.15.tgz#d0b6454a88375ee8d3964daeff55c85c91c7cef4"
  integrity sha1-0LZFSog3XujTlk2u/1XIXJHHzvQ=

esbuild-windows-32@0.13.15:
  version "0.13.15"
  resolved "https://registry.zjhgrl.com/repository/npm-all/esbuild-windows-32/-/esbuild-windows-32-0.13.15.tgz#c96d0b9bbb52f3303322582ef8e4847c5ad375a7"
  integrity sha1-yW0Lm7tS8zAzIlgu+OSEfFrTdac=

esbuild-windows-64@0.13.15:
  version "0.13.15"
  resolved "https://registry.zjhgrl.com/repository/npm-all/esbuild-windows-64/-/esbuild-windows-64-0.13.15.tgz#1f79cb9b1e1bb02fb25cd414cb90d4ea2892c294"
  integrity sha1-H3nLmx4bsC+yXNQUy5DU6iiSwpQ=

esbuild-windows-arm64@0.13.15:
  version "0.13.15"
  resolved "https://registry.zjhgrl.com/repository/npm-all/esbuild-windows-arm64/-/esbuild-windows-arm64-0.13.15.tgz#482173070810df22a752c686509c370c3be3b3c3"
  integrity sha1-SCFzBwgQ3yKnUsaGUJw3DDvjs8M=

esbuild@^0.13.12:
  version "0.13.15"
  resolved "https://registry.zjhgrl.com/repository/npm-all/esbuild/-/esbuild-0.13.15.tgz#db56a88166ee373f87dbb2d8798ff449e0450cdf"
  integrity sha512-raCxt02HBKv8RJxE8vkTSCXGIyKHdEdGfUmiYb8wnabnaEmHzyW7DCHb5tEN0xU8ryqg5xw54mcwnYkC4x3AIw==
  optionalDependencies:
    esbuild-android-arm64 "0.13.15"
    esbuild-darwin-64 "0.13.15"
    esbuild-darwin-arm64 "0.13.15"
    esbuild-freebsd-64 "0.13.15"
    esbuild-freebsd-arm64 "0.13.15"
    esbuild-linux-32 "0.13.15"
    esbuild-linux-64 "0.13.15"
    esbuild-linux-arm "0.13.15"
    esbuild-linux-arm64 "0.13.15"
    esbuild-linux-mips64le "0.13.15"
    esbuild-linux-ppc64le "0.13.15"
    esbuild-netbsd-64 "0.13.15"
    esbuild-openbsd-64 "0.13.15"
    esbuild-sunos-64 "0.13.15"
    esbuild-windows-32 "0.13.15"
    esbuild-windows-64 "0.13.15"
    esbuild-windows-arm64 "0.13.15"

estree-walker@^2.0.2:
  version "2.0.2"
  resolved "https://registry.zjhgrl.com/repository/npm-all/estree-walker/-/estree-walker-2.0.2.tgz#52f010178c2a4c117a7757cfe942adb7d2da4cac"
  integrity sha1-UvAQF4wqTBF6d1fP6UKtt9LaTKw=

fsevents@~2.3.2:
  version "2.3.2"
  resolved "https://registry.zjhgrl.com/repository/npm-all/fsevents/-/fsevents-2.3.2.tgz#8a526f78b8fdf4623b709e0b975c52c24c02fd1a"
  integrity sha1-ilJveLj99GI7cJ4Ll1xSwkwC/Ro=

function-bind@^1.1.1:
  version "1.1.1"
  resolved "https://registry.zjhgrl.com/repository/npm-all/function-bind/-/function-bind-1.1.1.tgz#a56899d3ea3c9bab874bb9773b7c5ede92f4895d"
  integrity sha1-pWiZ0+o8m6uHS7l3O3xe3pL0iV0=

get-intrinsic@^1.0.2:
  version "1.1.1"
  resolved "https://registry.zjhgrl.com/repository/npm-all/get-intrinsic/-/get-intrinsic-1.1.1.tgz#15f59f376f855c446963948f0d24cd3637b4abc6"
  integrity sha1-FfWfN2+FXERpY5SPDSTNNje0q8Y=
  dependencies:
    function-bind "^1.1.1"
    has "^1.0.3"
    has-symbols "^1.0.1"

graceful-fs@^4.1.2:
  version "4.2.8"
  resolved "https://registry.zjhgrl.com/repository/npm-all/graceful-fs/-/graceful-fs-4.2.8.tgz#e412b8d33f5e006593cbd3cee6df9f2cebbe802a"
  integrity sha1-5BK40z9eAGWTy9PO5t+fLOu+gCo=

has-symbols@^1.0.1, has-symbols@^1.0.2:
  version "1.0.2"
  resolved "https://registry.zjhgrl.com/repository/npm-all/has-symbols/-/has-symbols-1.0.2.tgz#165d3070c00309752a1236a479331e3ac56f1423"
  integrity sha1-Fl0wcMADCXUqEjakeTMeOsVvFCM=

has-tostringtag@^1.0.0:
  version "1.0.0"
  resolved "https://registry.zjhgrl.com/repository/npm-all/has-tostringtag/-/has-tostringtag-1.0.0.tgz#7e133818a7d394734f941e73c3d3f9291e658b25"
  integrity sha1-fhM4GKfTlHNPlB5zw9P5KR5liyU=
  dependencies:
    has-symbols "^1.0.2"

has@^1.0.3:
  version "1.0.3"
  resolved "https://registry.zjhgrl.com/repository/npm-all/has/-/has-1.0.3.tgz#722d7cbfc1f6aa8241f16dd814e011e1f41e8796"
  integrity sha1-ci18v8H2qoJB8W3YFOAR4fQeh5Y=
  dependencies:
    function-bind "^1.1.1"

htmlparser2@^7.1.2:
  version "7.2.0"
  resolved "https://registry.zjhgrl.com/repository/npm-all/htmlparser2/-/htmlparser2-7.2.0.tgz#8817cdea38bbc324392a90b1990908e81a65f5a5"
  integrity sha1-iBfN6ji7wyQ5KpCxmQkI6Bpl9aU=
  dependencies:
    domelementtype "^2.0.1"
    domhandler "^4.2.2"
    domutils "^2.8.0"
    entities "^3.0.1"

iconv-lite@^0.4.4:
  version "0.4.24"
  resolved "https://registry.zjhgrl.com/repository/npm-all/iconv-lite/-/iconv-lite-0.4.24.tgz#2022b4b25fbddc21d2f524974a474aafe733908b"
  integrity sha1-ICK0sl+93CHS9SSXSkdKr+czkIs=
  dependencies:
    safer-buffer ">= 2.1.2 < 3"

image-size@~0.5.0:
  version "0.5.5"
  resolved "https://registry.zjhgrl.com/repository/npm-all/image-size/-/image-size-0.5.5.tgz#09dfd4ab9d20e29eb1c3e80b8990378df9e3cb9c"
  integrity sha1-Cd/Uq50g4p6xw+gLiZA3jfnjy5w=

is-core-module@^2.8.0:
  version "2.8.0"
  resolved "https://registry.zjhgrl.com/repository/npm-all/is-core-module/-/is-core-module-2.8.0.tgz#0321336c3d0925e497fd97f5d95cb114a5ccd548"
  integrity sha1-AyEzbD0JJeSX/Zf12VyxFKXM1Ug=
  dependencies:
    has "^1.0.3"

is-expression@^4.0.0:
  version "4.0.0"
  resolved "https://registry.zjhgrl.com/repository/npm-all/is-expression/-/is-expression-4.0.0.tgz#c33155962abf21d0afd2552514d67d2ec16fd2ab"
  integrity sha1-wzFVliq/IdCv0lUlFNZ9LsFv0qs=
  dependencies:
    acorn "^7.1.1"
    object-assign "^4.1.1"

is-promise@^2.0.0:
  version "2.2.2"
  resolved "https://registry.zjhgrl.com/repository/npm-all/is-promise/-/is-promise-2.2.2.tgz#39ab959ccbf9a774cf079f7b40c7a26f763135f1"
  integrity sha1-OauVnMv5p3TPB597QMeib3YxNfE=

is-regex@^1.0.3:
  version "1.1.4"
  resolved "https://registry.zjhgrl.com/repository/npm-all/is-regex/-/is-regex-1.1.4.tgz#eef5663cd59fa4c0ae339505323df6854bb15958"
  integrity sha1-7vVmPNWfpMCuM5UFMj32hUuxWVg=
  dependencies:
    call-bind "^1.0.2"
    has-tostringtag "^1.0.0"

is-what@^3.12.0:
  version "3.14.1"
  resolved "https://registry.zjhgrl.com/repository/npm-all/is-what/-/is-what-3.14.1.tgz#e1222f46ddda85dead0fd1c9df131760e77755c1"
  integrity sha1-4SIvRt3ahd6tD9HJ3xMXYOd3VcE=

js-stringify@^1.0.2:
  version "1.0.2"
  resolved "https://registry.zjhgrl.com/repository/npm-all/js-stringify/-/js-stringify-1.0.2.tgz#1736fddfd9724f28a3682adc6230ae7e4e9679db"
  integrity sha1-Fzb939lyTyijaCrcYjCufk6Weds=

jsonc-parser@^2.3.0:
  version "2.3.1"
  resolved "https://registry.zjhgrl.com/repository/npm-all/jsonc-parser/-/jsonc-parser-2.3.1.tgz#59549150b133f2efacca48fe9ce1ec0659af2342"
  integrity sha1-WVSRULEz8u+sykj+nOHsBlmvI0I=

jsonc-parser@^3.0.0:
  version "3.0.0"
  resolved "https://registry.zjhgrl.com/repository/npm-all/jsonc-parser/-/jsonc-parser-3.0.0.tgz#abdd785701c7e7eaca8a9ec8cf070ca51a745a22"
  integrity sha1-q914VwHH5+rKip7IzwcMpRp0WiI=

jstransformer@1.0.0:
  version "1.0.0"
  resolved "https://registry.zjhgrl.com/repository/npm-all/jstransformer/-/jstransformer-1.0.0.tgz#ed8bf0921e2f3f1ed4d5c1a44f68709ed24722c3"
  integrity sha1-7Yvwkh4vPx7U1cGkT2hwntJHIsM=
  dependencies:
    is-promise "^2.0.0"
    promise "^7.0.1"

less@^4.1.2:
  version "4.1.2"
  resolved "https://registry.zjhgrl.com/repository/npm-all/less/-/less-4.1.2.tgz#6099ee584999750c2624b65f80145f8674e4b4b0"
  integrity sha512-EoQp/Et7OSOVu0aJknJOtlXZsnr8XE8KwuzTHOLeVSEx8pVWUICc8Q0VYRHgzyjX78nMEyC/oztWFbgyhtNfDA==
  dependencies:
    copy-anything "^2.0.1"
    parse-node-version "^1.0.1"
    tslib "^2.3.0"
  optionalDependencies:
    errno "^0.1.1"
    graceful-fs "^4.1.2"
    image-size "~0.5.0"
    make-dir "^2.1.0"
    mime "^1.4.1"
    needle "^2.5.2"
    source-map "~0.6.0"

lru-cache@^6.0.0:
  version "6.0.0"
  resolved "https://registry.zjhgrl.com/repository/npm-all/lru-cache/-/lru-cache-6.0.0.tgz#6d6fe6570ebd96aaf90fcad1dafa3b2566db3a94"
  integrity sha1-bW/mVw69lqr5D8rR2vo7JWbbOpQ=
  dependencies:
    yallist "^4.0.0"

magic-string@^0.25.7:
  version "0.25.7"
  resolved "https://registry.zjhgrl.com/repository/npm-all/magic-string/-/magic-string-0.25.7.tgz#3f497d6fd34c669c6798dcb821f2ef31f5445051"
  integrity sha1-P0l9b9NMZpxnmNy4IfLvMfVEUFE=
  dependencies:
    sourcemap-codec "^1.4.4"

make-dir@^2.1.0:
  version "2.1.0"
  resolved "https://registry.zjhgrl.com/repository/npm-all/make-dir/-/make-dir-2.1.0.tgz#5f0310e18b8be898cc07009295a30ae41e91e6f5"
  integrity sha1-XwMQ4YuL6JjMBwCSlaMK5B6R5vU=
  dependencies:
    pify "^4.0.1"
    semver "^5.6.0"

mime@^1.4.1:
  version "1.6.0"
  resolved "https://registry.zjhgrl.com/repository/npm-all/mime/-/mime-1.6.0.tgz#32cd9e5c64553bd58d19a568af452acff04981b1"
  integrity sha1-Ms2eXGRVO9WNGaVor0Uqz/BJgbE=

ms@^2.1.1:
  version "2.1.3"
  resolved "https://registry.zjhgrl.com/repository/npm-all/ms/-/ms-2.1.3.tgz#574c8138ce1d2b5861f0b44579dbadd60c6615b2"
  integrity sha1-V0yBOM4dK1hh8LRFedut1gxmFbI=

nanoid@^3.1.30:
  version "3.1.30"
  resolved "https://registry.zjhgrl.com/repository/npm-all/nanoid/-/nanoid-3.1.30.tgz#63f93cc548d2a113dc5dfbc63bfa09e2b9b64362"
  integrity sha512-zJpuPDwOv8D2zq2WRoMe1HsfZthVewpel9CAvTfc/2mBD1uUT/agc5f7GHGWXlYkFvi1mVxe4IjvP2HNrop7nQ==

needle@^2.5.2:
  version "2.9.1"
  resolved "https://registry.zjhgrl.com/repository/npm-all/needle/-/needle-2.9.1.tgz#22d1dffbe3490c2b83e301f7709b6736cd8f2684"
  integrity sha1-ItHf++NJDCuD4wH3cJtnNs2PJoQ=
  dependencies:
    debug "^3.2.6"
    iconv-lite "^0.4.4"
    sax "^1.2.4"

object-assign@^4.1.1:
  version "4.1.1"
  resolved "https://registry.zjhgrl.com/repository/npm-all/object-assign/-/object-assign-4.1.1.tgz#2109adc7965887cfc05cbbd442cac8bfbb360863"
  integrity sha1-IQmtx5ZYh8/AXLvUQsrIv7s2CGM=

parse-node-version@^1.0.1:
  version "1.0.1"
  resolved "https://registry.zjhgrl.com/repository/npm-all/parse-node-version/-/parse-node-version-1.0.1.tgz#e2b5dbede00e7fa9bc363607f53327e8b073189b"
  integrity sha1-4rXb7eAOf6m8NjYH9TMn6LBzGJs=

path-parse@^1.0.7:
  version "1.0.7"
  resolved "https://registry.zjhgrl.com/repository/npm-all/path-parse/-/path-parse-1.0.7.tgz#fbc114b60ca42b30d9daf5858e4bd68bbedb6735"
  integrity sha1-+8EUtgykKzDZ2vWFjkvWi77bZzU=

picocolors@^1.0.0:
  version "1.0.0"
  resolved "https://registry.zjhgrl.com/repository/npm-all/picocolors/-/picocolors-1.0.0.tgz#cb5bdc74ff3f51892236eaf79d68bc44564ab81c"
  integrity sha1-y1vcdP8/UYkiNur3nWi8RFZKuBw=

pify@^4.0.1:
  version "4.0.1"
  resolved "https://registry.zjhgrl.com/repository/npm-all/pify/-/pify-4.0.1.tgz#4b2cd25c50d598735c50292224fd8c6df41e3231"
  integrity sha1-SyzSXFDVmHNcUCkiJP2MbfQeMjE=

postcss@^8.1.10, postcss@^8.4.5:
  version "8.4.5"
  resolved "https://registry.zjhgrl.com/repository/npm-all/postcss/-/postcss-8.4.5.tgz#bae665764dfd4c6fcc24dc0fdf7e7aa00cc77f95"
  integrity sha512-jBDboWM8qpaqwkMwItqTQTiFikhs/67OYVvblFFTM7MrZjt6yMKd6r2kgXizEbTTljacm4NldIlZnhbjr84QYg==
  dependencies:
    nanoid "^3.1.30"
    picocolors "^1.0.0"
    source-map-js "^1.0.1"

promise@^7.0.1:
  version "7.3.1"
  resolved "https://registry.zjhgrl.com/repository/npm-all/promise/-/promise-7.3.1.tgz#064b72602b18f90f29192b8b1bc418ffd1ebd3bf"
  integrity sha1-BktyYCsY+Q8pGSuLG8QY/9Hr078=
  dependencies:
    asap "~2.0.3"

prr@~1.0.1:
  version "1.0.1"
  resolved "https://registry.zjhgrl.com/repository/npm-all/prr/-/prr-1.0.1.tgz#d3fc114ba06995a45ec6893f484ceb1d78f5f476"
  integrity sha1-0/wRS6BplaRexok/SEzrHXj19HY=

pug-attrs@^3.0.0:
  version "3.0.0"
  resolved "https://registry.zjhgrl.com/repository/npm-all/pug-attrs/-/pug-attrs-3.0.0.tgz#b10451e0348165e31fad1cc23ebddd9dc7347c41"
  integrity sha1-sQRR4DSBZeMfrRzCPr3dncc0fEE=
  dependencies:
    constantinople "^4.0.1"
    js-stringify "^1.0.2"
    pug-runtime "^3.0.0"

pug-code-gen@^3.0.2:
  version "3.0.2"
  resolved "https://registry.zjhgrl.com/repository/npm-all/pug-code-gen/-/pug-code-gen-3.0.2.tgz#ad190f4943133bf186b60b80de483100e132e2ce"
  integrity sha1-rRkPSUMTO/GGtguA3kgxAOEy4s4=
  dependencies:
    constantinople "^4.0.1"
    doctypes "^1.1.0"
    js-stringify "^1.0.2"
    pug-attrs "^3.0.0"
    pug-error "^2.0.0"
    pug-runtime "^3.0.0"
    void-elements "^3.1.0"
    with "^7.0.0"

pug-error@^2.0.0:
  version "2.0.0"
  resolved "https://registry.zjhgrl.com/repository/npm-all/pug-error/-/pug-error-2.0.0.tgz#5c62173cb09c34de2a2ce04f17b8adfec74d8ca5"
  integrity sha1-XGIXPLCcNN4qLOBPF7it/sdNjKU=

pug-filters@^4.0.0:
  version "4.0.0"
  resolved "https://registry.zjhgrl.com/repository/npm-all/pug-filters/-/pug-filters-4.0.0.tgz#d3e49af5ba8472e9b7a66d980e707ce9d2cc9b5e"
  integrity sha1-0+Sa9bqEcum3pm2YDnB86dLMm14=
  dependencies:
    constantinople "^4.0.1"
    jstransformer "1.0.0"
    pug-error "^2.0.0"
    pug-walk "^2.0.0"
    resolve "^1.15.1"

pug-lexer@^5.0.1:
  version "5.0.1"
  resolved "https://registry.zjhgrl.com/repository/npm-all/pug-lexer/-/pug-lexer-5.0.1.tgz#ae44628c5bef9b190b665683b288ca9024b8b0d5"
  integrity sha1-rkRijFvvmxkLZlaDsojKkCS4sNU=
  dependencies:
    character-parser "^2.2.0"
    is-expression "^4.0.0"
    pug-error "^2.0.0"

pug-linker@^4.0.0:
  version "4.0.0"
  resolved "https://registry.zjhgrl.com/repository/npm-all/pug-linker/-/pug-linker-4.0.0.tgz#12cbc0594fc5a3e06b9fc59e6f93c146962a7708"
  integrity sha1-EsvAWU/Fo+Brn8Web5PBRpYqdwg=
  dependencies:
    pug-error "^2.0.0"
    pug-walk "^2.0.0"

pug-load@^3.0.0:
  version "3.0.0"
  resolved "https://registry.zjhgrl.com/repository/npm-all/pug-load/-/pug-load-3.0.0.tgz#9fd9cda52202b08adb11d25681fb9f34bd41b662"
  integrity sha1-n9nNpSICsIrbEdJWgfufNL1BtmI=
  dependencies:
    object-assign "^4.1.1"
    pug-walk "^2.0.0"

pug-parser@^6.0.0:
  version "6.0.0"
  resolved "https://registry.zjhgrl.com/repository/npm-all/pug-parser/-/pug-parser-6.0.0.tgz#a8fdc035863a95b2c1dc5ebf4ecf80b4e76a1260"
  integrity sha1-qP3ANYY6lbLB3F6/Ts+AtOdqEmA=
  dependencies:
    pug-error "^2.0.0"
    token-stream "1.0.0"

pug-runtime@^3.0.0, pug-runtime@^3.0.1:
  version "3.0.1"
  resolved "https://registry.zjhgrl.com/repository/npm-all/pug-runtime/-/pug-runtime-3.0.1.tgz#f636976204723f35a8c5f6fad6acda2a191b83d7"
  integrity sha1-9jaXYgRyPzWoxfb61qzaKhkbg9c=

pug-strip-comments@^2.0.0:
  version "2.0.0"
  resolved "https://registry.zjhgrl.com/repository/npm-all/pug-strip-comments/-/pug-strip-comments-2.0.0.tgz#f94b07fd6b495523330f490a7f554b4ff876303e"
  integrity sha1-+UsH/WtJVSMzD0kKf1VLT/h2MD4=
  dependencies:
    pug-error "^2.0.0"

pug-walk@^2.0.0:
  version "2.0.0"
  resolved "https://registry.zjhgrl.com/repository/npm-all/pug-walk/-/pug-walk-2.0.0.tgz#417aabc29232bb4499b5b5069a2b2d2a24d5f5fe"
  integrity sha1-QXqrwpIyu0SZtbUGmistKiTV9f4=

pug@^3.0.2:
  version "3.0.2"
  resolved "https://registry.zjhgrl.com/repository/npm-all/pug/-/pug-3.0.2.tgz#f35c7107343454e43bc27ae0ff76c731b78ea535"
  integrity sha1-81xxBzQ0VOQ7wnrg/3bHMbeOpTU=
  dependencies:
    pug-code-gen "^3.0.2"
    pug-filters "^4.0.0"
    pug-lexer "^5.0.1"
    pug-linker "^4.0.0"
    pug-load "^3.0.0"
    pug-parser "^6.0.0"
    pug-runtime "^3.0.1"
    pug-strip-comments "^2.0.0"

request-light@^0.5.4:
  version "0.5.6"
  resolved "https://registry.zjhgrl.com/repository/npm-all/request-light/-/request-light-0.5.6.tgz#d36eb9b1e574fed1d261414722261a1148db3c2e"
  integrity sha512-mIfRkYujBF6qQQi+uJGHFzYD2P7WwfIMyJ3/DcTtOFB3iypwIVOXmsr3RMnFwTJRVcYLLZdjkIx43E8Zn2hRng==

resolve@^1.15.1, resolve@^1.20.0:
  version "1.21.0"
  resolved "https://registry.zjhgrl.com/repository/npm-all/resolve/-/resolve-1.21.0.tgz#b51adc97f3472e6a5cf4444d34bc9d6b9037591f"
  integrity sha512-3wCbTpk5WJlyE4mSOtDLhqQmGFi0/TD9VPwmiolnk8U0wRgMEktqCXd3vy5buTO3tljvalNvKrjHEfrd2WpEKA==
  dependencies:
    is-core-module "^2.8.0"
    path-parse "^1.0.7"
    supports-preserve-symlinks-flag "^1.0.0"

rollup@^2.59.0:
  version "2.62.0"
  resolved "https://registry.zjhgrl.com/repository/npm-all/rollup/-/rollup-2.62.0.tgz#9e640b419fc5b9e0241844f6d55258bd79986ecc"
  integrity sha512-cJEQq2gwB0GWMD3rYImefQTSjrPYaC6s4J9pYqnstVLJ1CHa/aZNVkD4Epuvg4iLeMA4KRiq7UM7awKK6j7jcw==
  optionalDependencies:
    fsevents "~2.3.2"

"safer-buffer@>= 2.1.2 < 3":
  version "2.1.2"
  resolved "https://registry.zjhgrl.com/repository/npm-all/safer-buffer/-/safer-buffer-2.1.2.tgz#44fa161b0187b9549dd84bb91802f9bd8385cd6a"
  integrity sha1-RPoWGwGHuVSd2Eu5GAL5vYOFzWo=

sax@^1.2.4:
  version "1.2.4"
  resolved "https://registry.zjhgrl.com/repository/npm-all/sax/-/sax-1.2.4.tgz#2816234e2378bddc4e5354fab5caa895df7100d9"
  integrity sha1-KBYjTiN4vdxOU1T6tcqold9xANk=

semver@^5.6.0:
  version "5.7.1"
  resolved "https://registry.zjhgrl.com/repository/npm-all/semver/-/semver-5.7.1.tgz#a954f931aeba508d307bbf069eff0c01c96116f7"
  integrity sha1-qVT5Ma66UI0we78Gnv8MAclhFvc=

semver@^7.3.5:
  version "7.3.5"
  resolved "https://registry.zjhgrl.com/repository/npm-all/semver/-/semver-7.3.5.tgz#0b621c879348d8998e4b0e4be94b3f12e6018ef7"
  integrity sha1-C2Ich5NI2JmOSw5L6Us/EuYBjvc=
  dependencies:
    lru-cache "^6.0.0"

source-map-js@^1.0.1:
  version "1.0.1"
  resolved "https://registry.zjhgrl.com/repository/npm-all/source-map-js/-/source-map-js-1.0.1.tgz#a1741c131e3c77d048252adfa24e23b908670caf"
  integrity sha1-oXQcEx48d9BIJSrfok4juQhnDK8=

source-map@^0.6.1, source-map@~0.6.0:
  version "0.6.1"
  resolved "https://registry.zjhgrl.com/repository/npm-all/source-map/-/source-map-0.6.1.tgz#74722af32e9614e9c287a8d0bbde48b5e2f1a263"
  integrity sha1-dHIq8y6WFOnCh6jQu95IteLxomM=

sourcemap-codec@^1.4.4:
  version "1.4.8"
  resolved "https://registry.zjhgrl.com/repository/npm-all/sourcemap-codec/-/sourcemap-codec-1.4.8.tgz#ea804bd94857402e6992d05a38ef1ae35a9ab4c4"
  integrity sha1-6oBL2UhXQC5pktBaOO8a41qatMQ=

supports-preserve-symlinks-flag@^1.0.0:
  version "1.0.0"
  resolved "https://registry.zjhgrl.com/repository/npm-all/supports-preserve-symlinks-flag/-/supports-preserve-symlinks-flag-1.0.0.tgz#6eda4bd344a3c94aea376d4cc31bc77311039e09"
  integrity sha512-ot0WnXS9fgdkgIcePe6RHNk1WA8+muPa6cSjeR3V8K27q9BB1rTE3R1p7Hv0z1ZyAc8s6Vvv8DIyWf681MAt0w==

to-fast-properties@^2.0.0:
  version "2.0.0"
  resolved "https://registry.zjhgrl.com/repository/npm-all/to-fast-properties/-/to-fast-properties-2.0.0.tgz#dc5e698cbd079265bc73e0377681a4e4e83f616e"
  integrity sha1-3F5pjL0HkmW8c+A3doGk5Og/YW4=

token-stream@1.0.0:
  version "1.0.0"
  resolved "https://registry.zjhgrl.com/repository/npm-all/token-stream/-/token-stream-1.0.0.tgz#cc200eab2613f4166d27ff9afc7ca56d49df6eb4"
  integrity sha1-zCAOqyYT9BZtJ/+a/HylbUnfbrQ=

tslib@^2.3.0:
  version "2.3.1"
  resolved "https://registry.zjhgrl.com/repository/npm-all/tslib/-/tslib-2.3.1.tgz#e8a335add5ceae51aa261d32a490158ef042ef01"
  integrity sha1-6KM1rdXOrlGqJh0ypJAVjvBC7wE=

typescript@^4.5.4:
  version "4.5.4"
  resolved "https://registry.zjhgrl.com/repository/npm-all/typescript/-/typescript-4.5.4.tgz#a17d3a0263bf5c8723b9c52f43c5084edf13c2e8"
  integrity sha512-VgYs2A2QIRuGphtzFV7aQJduJ2gyfTljngLzjpfW9FoYZF6xuw1W0vW9ghCKLfcWrCFxK81CSGRAvS1pn4fIUg==

upath@^2.0.1:
  version "2.0.1"
  resolved "https://registry.zjhgrl.com/repository/npm-all/upath/-/upath-2.0.1.tgz#50c73dea68d6f6b990f51d279ce6081665d61a8b"
  integrity sha1-UMc96mjW9rmQ9R0nnOYIFmXWGos=

vite@^2.7.3:
  version "2.7.10"
  resolved "https://registry.zjhgrl.com/repository/npm-all/vite/-/vite-2.7.10.tgz#d12c4c10e56a0ecf7890cb529c15996c6111218f"
  integrity sha512-KEY96ntXUid1/xJihJbgmLZx7QSC2D4Tui0FdS0Old5OokYzFclcofhtxtjDdGOk/fFpPbHv9yw88+rB93Tb8w==
  dependencies:
    esbuild "^0.13.12"
    postcss "^8.4.5"
    resolve "^1.20.0"
    rollup "^2.59.0"
  optionalDependencies:
    fsevents "~2.3.2"

void-elements@^3.1.0:
  version "3.1.0"
  resolved "https://registry.zjhgrl.com/repository/npm-all/void-elements/-/void-elements-3.1.0.tgz#614f7fbf8d801f0bb5f0661f5b2f5785750e4f09"
  integrity sha1-YU9/v42AHwu18GYfWy9XhXUOTwk=

vscode-css-languageservice@^5.1.7:
  version "5.1.9"
  resolved "https://registry.zjhgrl.com/repository/npm-all/vscode-css-languageservice/-/vscode-css-languageservice-5.1.9.tgz#9d473e5c61fa6d4d62719d9b8715ff6c644bf14e"
  integrity sha512-/tFOWeZBL3Oc9Zc+2MAi3rEwiXJTSZsvjB+M7nSjWLbGPUIjukUA7YzLgsBoUfR35sPJYnXWUkL56PdfIYM8GA==
  dependencies:
    vscode-languageserver-textdocument "^1.0.1"
    vscode-languageserver-types "^3.16.0"
    vscode-nls "^5.0.0"
    vscode-uri "^3.0.2"

vscode-html-languageservice@^4.1.0:
  version "4.2.1"
  resolved "https://registry.zjhgrl.com/repository/npm-all/vscode-html-languageservice/-/vscode-html-languageservice-4.2.1.tgz#b95077cffd19bf187e53c7bf79e3e0dd7edbc7cf"
  integrity sha512-PgaToZVXJ44nFWEBuSINdDgVV6EnpC3MnXBsysR3O5TKcAfywbYeRGRy+Y4dVR7YeUgDvtb+JkJoSkaYC0mxXQ==
  dependencies:
    vscode-languageserver-textdocument "^1.0.1"
    vscode-languageserver-types "^3.16.0"
    vscode-nls "^5.0.0"
    vscode-uri "^3.0.2"

vscode-json-languageservice@^4.1.8:
  version "4.1.10"
  resolved "https://registry.zjhgrl.com/repository/npm-all/vscode-json-languageservice/-/vscode-json-languageservice-4.1.10.tgz#5d5729fc4f3e02f41599e0104523a1877c25f0fb"
  integrity sha1-XVcp/E8+AvQVmeAQRSOhh3wl8Ps=
  dependencies:
    jsonc-parser "^3.0.0"
    vscode-languageserver-textdocument "^1.0.1"
    vscode-languageserver-types "^3.16.0"
    vscode-nls "^5.0.0"
    vscode-uri "^3.0.2"

vscode-jsonrpc@8.0.0-next.4, vscode-jsonrpc@^8.0.0-next.2:
  version "8.0.0-next.4"
  resolved "https://registry.zjhgrl.com/repository/npm-all/vscode-jsonrpc/-/vscode-jsonrpc-8.0.0-next.4.tgz#c0da5e3536c0862e8189b1678a3a7c4900e6ecbd"
  integrity sha512-i+wvza5Wd0YV/t9qhnS8I+dJdhJ1fHIhRW4f262rXXM9Mgts5VZhYrRZufGcai4y99RlbZvwaZhplQ6diRXkaA==

vscode-languageserver-protocol@3.17.0-next.11:
  version "3.17.0-next.11"
  resolved "https://registry.zjhgrl.com/repository/npm-all/vscode-languageserver-protocol/-/vscode-languageserver-protocol-3.17.0-next.11.tgz#0f2b2bc0d28026422340e4571373e018598e2e16"
  integrity sha512-9FqHT7XvM6tWFsnLvRfuQA7Zh7wZZYAwA9dK85lYthA8M1aXpXEP9drXVvO/Fe03MUeJpKVf2e4/NvDaFUnttg==
  dependencies:
    vscode-jsonrpc "8.0.0-next.4"
    vscode-languageserver-types "3.17.0-next.5"

vscode-languageserver-textdocument@^1.0.1:
  version "1.0.3"
  resolved "https://registry.zjhgrl.com/repository/npm-all/vscode-languageserver-textdocument/-/vscode-languageserver-textdocument-1.0.3.tgz#879f2649bfa5a6e07bc8b392c23ede2dfbf43eff"
  integrity sha512-ynEGytvgTb6HVSUwPJIAZgiHQmPCx8bZ8w5um5Lz+q5DjP0Zj8wTFhQpyg8xaMvefDytw2+HH5yzqS+FhsR28A==

vscode-languageserver-types@3.17.0-next.5:
  version "3.17.0-next.5"
  resolved "https://registry.zjhgrl.com/repository/npm-all/vscode-languageserver-types/-/vscode-languageserver-types-3.17.0-next.5.tgz#0d176d39d215d55bffc9195112fb2b6d81ff5fbb"
  integrity sha512-Zcfaw8BznhlJWB09LDR0dscXyxn9+liREqJnPF4pigeUCHwKxYapYqizwuCpMHQ/oLYiAvKwU+f28hPleYu7pA==

vscode-languageserver-types@^3.15.1, vscode-languageserver-types@^3.16.0:
  version "3.16.0"
  resolved "https://registry.zjhgrl.com/repository/npm-all/vscode-languageserver-types/-/vscode-languageserver-types-3.16.0.tgz#ecf393fc121ec6974b2da3efb3155644c514e247"
  integrity sha1-7POT/BIexpdLLaPvsxVWRMUU4kc=

vscode-languageserver@^8.0.0-next.2:
  version "8.0.0-next.5"
  resolved "https://registry.zjhgrl.com/repository/npm-all/vscode-languageserver/-/vscode-languageserver-8.0.0-next.5.tgz#99f7f25dd658a1f000219f62c29ae557858f850c"
  integrity sha512-3E2W0eWtGKb6QAJqspOnD0thrBRRo8IGUMV5jpDNMcMKvmtkcxMwsBh0VxdvuWaZ51PiNyR4L+B+GUvkYsyFEg==
  dependencies:
    vscode-languageserver-protocol "3.17.0-next.11"

vscode-nls@^5.0.0:
  version "5.0.0"
  resolved "https://registry.zjhgrl.com/repository/npm-all/vscode-nls/-/vscode-nls-5.0.0.tgz#99f0da0bd9ea7cda44e565a74c54b1f2bc257840"
  integrity sha1-mfDaC9nqfNpE5WWnTFSx8rwleEA=

vscode-pug-languageservice@0.29.8:
  version "0.29.8"
  resolved "https://registry.zjhgrl.com/repository/npm-all/vscode-pug-languageservice/-/vscode-pug-languageservice-0.29.8.tgz#3d95f974bc273ddd8f5a8fb5d3ac8064b2dc63d1"
  integrity sha512-QHYAzDSJLg7GOLxCZ12qsM0dAM0dPeMSS1t4kKfzLsfpErmZpFzkAIXbidVrNMdMffGZMtTuIlcpEyWHbx96Iw==
  dependencies:
    "@volar/code-gen" "0.29.8"
    "@volar/shared" "0.29.8"
    "@volar/source-map" "0.29.8"
    "@volar/transforms" "0.29.8"
    pug-lexer "^5.0.1"
    pug-parser "^6.0.0"
    vscode-languageserver "^8.0.0-next.2"

vscode-typescript-languageservice@0.29.8:
  version "0.29.8"
  resolved "https://registry.zjhgrl.com/repository/npm-all/vscode-typescript-languageservice/-/vscode-typescript-languageservice-0.29.8.tgz#370572e8c99c8b8190733a4bfc1b45c5f91aa044"
  integrity sha512-eecDqHk4WjEvy6VHQ6teHczppQ9yJO2wExCy7yu7WiFj35qbw0h4G6Erv46MvP3ClL8FggFzD7s1qM6vdqJUfw==
  dependencies:
    "@volar/shared" "0.29.8"
    semver "^7.3.5"
    upath "^2.0.1"
    vscode-languageserver "^8.0.0-next.2"
    vscode-languageserver-textdocument "^1.0.1"

vscode-uri@^2.1.2:
  version "2.1.2"
  resolved "https://registry.zjhgrl.com/repository/npm-all/vscode-uri/-/vscode-uri-2.1.2.tgz#c8d40de93eb57af31f3c715dd650e2ca2c096f1c"
  integrity sha1-yNQN6T61evMfPHFd1lDiyiwJbxw=

vscode-uri@^3.0.2:
  version "3.0.3"
  resolved "https://registry.zjhgrl.com/repository/npm-all/vscode-uri/-/vscode-uri-3.0.3.tgz#a95c1ce2e6f41b7549f86279d19f47951e4f4d84"
  integrity sha512-EcswR2S8bpR7fD0YPeS7r2xXExrScVMxg4MedACaWHEtx9ftCF/qHG1xGkolzTPcEmjTavCQgbVzHUIdTMzFGA==

vscode-vue-languageservice@0.29.8:
  version "0.29.8"
  resolved "https://registry.zjhgrl.com/repository/npm-all/vscode-vue-languageservice/-/vscode-vue-languageservice-0.29.8.tgz#6d59aab4fb94215b99b6f7d0e2ab73babd398d05"
  integrity sha512-qSJdvW5ttyGUB/8uWDKgo8vnIoFnXYlBP4Z/cn54btsRn6ZMw7IJGJU1381e7p/yGvMTLeGbugD53SghbnSa6g==
  dependencies:
    "@volar/code-gen" "0.29.8"
    "@volar/html2pug" "0.29.8"
    "@volar/shared" "0.29.8"
    "@volar/source-map" "0.29.8"
    "@volar/transforms" "0.29.8"
    "@volar/vue-code-gen" "0.29.8"
    "@vscode/emmet-helper" "^2.8.0"
    "@vue/reactivity" "^3.2.21"
    "@vue/shared" "^3.2.21"
    request-light "^0.5.4"
    upath "^2.0.1"
    vscode-css-languageservice "^5.1.7"
    vscode-html-languageservice "^4.1.0"
    vscode-json-languageservice "^4.1.8"
    vscode-languageserver "^8.0.0-next.2"
    vscode-languageserver-textdocument "^1.0.1"
    vscode-pug-languageservice "0.29.8"
    vscode-typescript-languageservice "0.29.8"

vue-tsc@^0.29.8:
  version "0.29.8"
  resolved "https://registry.zjhgrl.com/repository/npm-all/vue-tsc/-/vue-tsc-0.29.8.tgz#f4d8de5dd8756107c878489ccf9178d2d72fff47"
  integrity sha512-pT0wLRjvRuSmB+J4WJT6uuV9mO0KtSSXEAtaVXZQzyk5+DJdbLIQTbRce/TXSkfqt1l1WogO78RjtOJFiMCgfQ==
  dependencies:
    "@volar/shared" "0.29.8"
    vscode-vue-languageservice "0.29.8"

vue@^3.2.26:
  version "3.2.26"
  resolved "https://registry.zjhgrl.com/repository/npm-all/vue/-/vue-3.2.26.tgz#5db575583ecae495c7caa5c12fd590dffcbb763e"
  integrity sha512-KD4lULmskL5cCsEkfhERVRIOEDrfEL9CwAsLYpzptOGjaGFNWo3BQ9g8MAb7RaIO71rmVOziZ/uEN/rHwcUIhg==
  dependencies:
    "@vue/compiler-dom" "3.2.26"
    "@vue/compiler-sfc" "3.2.26"
    "@vue/runtime-dom" "3.2.26"
    "@vue/server-renderer" "3.2.26"
    "@vue/shared" "3.2.26"

with@^7.0.0:
  version "7.0.2"
  resolved "https://registry.zjhgrl.com/repository/npm-all/with/-/with-7.0.2.tgz#ccee3ad542d25538a7a7a80aad212b9828495bac"
  integrity sha1-zO461ULSVTinp6gKrSErmChJW6w=
  dependencies:
    "@babel/parser" "^7.9.6"
    "@babel/types" "^7.9.6"
    assert-never "^1.2.1"
    babel-walk "3.0.0-canary-5"

yallist@^4.0.0:
  version "4.0.0"
  resolved "https://registry.zjhgrl.com/repository/npm-all/yallist/-/yallist-4.0.0.tgz#9bb92790d9c0effec63be73519e11a35019a3a72"
  integrity sha1-m7knkNnA7/7GO+c1GeEaNQGaOnI=
